
Microsoft Visual Studio Solution File, Format Version 12.00
# Visual Studio 15
VisualStudioVersion = 15.0.27703.2026
MinimumVisualStudioVersion = 10.0.40219.1
Project("{FAE04EC0-301F-11D3-BF4B-00C04F79EFBC}") = "Passenger.Core", "Passenger.Core\Passenger.Core.csproj", "{2F701DF8-9CC9-4048-9109-1F3BA863CE22}"
EndProject
Project("{FAE04EC0-301F-11D3-BF4B-00C04F79EFBC}") = "Passenger.Infrastructure", "Passenger.Infrastructure\Passenger.Infrastructure.csproj", "{EF28428D-91E9-476F-835E-9A2B41C4745D}"
EndProject
Project("{FAE04EC0-301F-11D3-BF4B-00C04F79EFBC}") = "Passenger.Tests", "Passenger.Tests\Passenger.Tests.csproj", "{F2CA6F87-B7CE-4F5F-977A-2BC67117D56C}"
EndProject
Project("{FAE04EC0-301F-11D3-BF4B-00C04F79EFBC}") = "Passenger.Tests.EndToEnd", "Passenger.Tests.EndToEnd\Passenger.Tests.EndToEnd.csproj", "{DAC0D343-91AC-40A7-90BA-379D28C9A14E}"
EndProject
Project("{FAE04EC0-301F-11D3-BF4B-00C04F79EFBC}") = "Passenger.Api", "Passenger.Api\Passenger.Api.csproj", "{CE82EF45-776A-4B22-A098-D6ECB04EE913}"
EndProject
Global
	GlobalSection(SolutionConfigurationPlatforms) = preSolution
		Debug|Any CPU = Debug|Any CPU
		Release|Any CPU = Release|Any CPU
	EndGlobalSection
	GlobalSection(ProjectConfigurationPlatforms) = postSolution
		{2F701DF8-9CC9-4048-9109-1F3BA863CE22}.Debug|Any CPU.ActiveCfg = Debug|Any CPU
		{2F701DF8-9CC9-4048-9109-1F3BA863CE22}.Debug|Any CPU.Build.0 = Debug|Any CPU
		{2F701DF8-9CC9-4048-9109-1F3BA863CE22}.Release|Any CPU.ActiveCfg = Release|Any CPU
		{2F701DF8-9CC9-4048-9109-1F3BA863CE22}.Release|Any CPU.Build.0 = Release|Any CPU
		{EF28428D-91E9-476F-835E-9A2B41C4745D}.Debug|Any CPU.ActiveCfg = Debug|Any CPU
		{EF28428D-91E9-476F-835E-9A2B41C4745D}.Debug|Any CPU.Build.0 = Debug|Any CPU
		{EF28428D-91E9-476F-835E-9A2B41C4745D}.Release|Any CPU.ActiveCfg = Release|Any CPU
		{EF28428D-91E9-476F-835E-9A2B41C4745D}.Release|Any CPU.Build.0 = Release|Any CPU
		{F2CA6F87-B7CE-4F5F-977A-2BC67117D56C}.Debug|Any CPU.ActiveCfg = Debug|Any CPU
		{F2CA6F87-B7CE-4F5F-977A-2BC67117D56C}.Debug|Any CPU.Build.0 = Debug|Any CPU
		{F2CA6F87-B7CE-4F5F-977A-2BC67117D56C}.Release|Any CPU.ActiveCfg = Release|Any CPU
		{F2CA6F87-B7CE-4F5F-977A-2BC67117D56C}.Release|Any CPU.Build.0 = Release|Any CPU
		{DAC0D343-91AC-40A7-90BA-379D28C9A14E}.Debug|Any CPU.ActiveCfg = Debug|Any CPU
		{DAC0D343-91AC-40A7-90BA-379D28C9A14E}.Debug|Any CPU.Build.0 = Debug|Any CPU
		{DAC0D343-91AC-40A7-90BA-379D28C9A14E}.Release|Any CPU.ActiveCfg = Release|Any CPU
		{DAC0D343-91AC-40A7-90BA-379D28C9A14E}.Release|Any CPU.Build.0 = Release|Any CPU
		{CE82EF45-776A-4B22-A098-D6ECB04EE913}.Debug|Any CPU.ActiveCfg = Debug|Any CPU
		{CE82EF45-776A-4B22-A098-D6ECB04EE913}.Debug|Any CPU.Build.0 = Debug|Any CPU
		{CE82EF45-776A-4B22-A098-D6ECB04EE913}.Release|Any CPU.ActiveCfg = Release|Any CPU
		{CE82EF45-776A-4B22-A098-D6ECB04EE913}.Release|Any CPU.Build.0 = Release|Any CPU
	EndGlobalSection
	GlobalSection(SolutionProperties) = preSolution
		HideSolutionNode = FALSE
	EndGlobalSection
	GlobalSection(ExtensibilityGlobals) = postSolution
		SolutionGuid = {911C8870-54CF-4DBB-B2F5-C21E4A692D2B}
	EndGlobalSection
EndGlobal
